
Microsoft Visual Studio Solution File, Format Version 12.00
# Visual Studio Version 17
VisualStudioVersion = 17.8.34511.84
MinimumVisualStudioVersion = 10.0.40219.1
Project("{FAE04EC0-301F-11D3-BF4B-00C04F79EFBC}") = "PathfinderLootGenerator", "PathfinderLootGenerator\PathfinderLootGenerator.csproj", "{EDE9C03C-0A61-4A27-8716-E4108E58D851}"
EndProject
Global
	GlobalSection(SolutionConfigurationPlatforms) = preSolution
		Debug|Any CPU = Debug|Any CPU
		Release|Any CPU = Release|Any CPU
	EndGlobalSection
	GlobalSection(ProjectConfigurationPlatforms) = postSolution
		{EDE9C03C-0A61-4A27-8716-E4108E58D851}.Debug|Any CPU.ActiveCfg = Debug|Any CPU
		{EDE9C03C-0A61-4A27-8716-E4108E58D851}.Debug|Any CPU.Build.0 = Debug|Any CPU
		{EDE9C03C-0A61-4A27-8716-E4108E58D851}.Release|Any CPU.ActiveCfg = Release|Any CPU
		{EDE9C03C-0A61-4A27-8716-E4108E58D851}.Release|Any CPU.Build.0 = Release|Any CPU
	EndGlobalSection
	GlobalSection(SolutionProperties) = preSolution
		HideSolutionNode = FALSE
	EndGlobalSection
	GlobalSection(ExtensibilityGlobals) = postSolution
		SolutionGuid = {3453133E-2BDB-44E7-BE36-46A33C3DE3C3}
	EndGlobalSection
EndGlobal
